{
  "name": "gameapicenter",
  "version": "0.1.0",
  "lockfileVersion": 2,
  "requires": true,
  "packages": {
    "": {
      "name": "gameapicenter",
      "version": "0.1.0",
      "license": "MIT",
      "dependencies": {
        "@mattplays/apexlegends-api": "^0.0.1",
        "@mattplays/bloonstd6-api": "^0.0.2",
        "@mattplays/csgo-api": "^0.0.2",
        "@mattplays/hyperscape-api": "^0.0.1",
        "@mattplays/minecraft-api": "^0.0.1",
        "@mattplays/overwatch-api": "^0.0.1",
        "node-fetch": "^2.6.1"
      }
    },
    "node_modules/@mattplays/apexlegends-api": {
      "version": "0.0.1",
      "resolved": "https://registry.npmjs.org/@mattplays/apexlegends-api/-/apexlegends-api-0.0.1.tgz",
      "integrity": "sha512-yEng1sGmGjK6cOuPNK/DnfZqIgzq5y9aGvXz3wcugSr8YaYgGgjpW8cXTHmOmCx2yvJbTx9mNrdbfTYMvK63LA==",
      "dependencies": {
        "node-fetch": "^2.6.1"
      }
    },
    "node_modules/@mattplays/bloonstd6-api": {
      "version": "0.0.2",
      "resolved": "https://registry.npmjs.org/@mattplays/bloonstd6-api/-/bloonstd6-api-0.0.2.tgz",
      "integrity": "sha512-J18xix3I4iJgwInmCnZcB07ud4V0biqstelsbPPPUTec5TLb8EmyT3GgcRE3aQaeY34D6Fkatsvu4od2UBE+aA==",
      "dependencies": {
        "node-fetch": "^2.6.1"
      }
    },
    "node_modules/@mattplays/csgo-api": {
      "version": "0.0.2",
      "resolved": "https://registry.npmjs.org/@mattplays/csgo-api/-/csgo-api-0.0.2.tgz",
      "integrity": "sha512-634YUFgHeB4JAiAfy5IGEYHaFULWN6+8NDjDZdZKbWbeDHkbo066ZHkD4otQ7XfWlIQM0ffQBbuL6iW0hrplxA==",
      "dependencies": {
        "node-fetch": "^2.6.1"
      }
    },
    "node_modules/@mattplays/hyperscape-api": {
      "version": "0.0.1",
      "resolved": "https://registry.npmjs.org/@mattplays/hyperscape-api/-/hyperscape-api-0.0.1.tgz",
      "integrity": "sha512-+CJkWwEEjVSXLr+6TqfUdKCTLypu0jJq9fSZNZBJFxNIm51pvq+MdUXiHkEQIoEAgfOlVWw5SAwbT5q+ryJIpw==",
      "dependencies": {
        "node-fetch": "^2.6.1"
      }
    },
    "node_modules/@mattplays/minecraft-api": {
      "version": "0.0.1",
      "resolved": "https://registry.npmjs.org/@mattplays/minecraft-api/-/minecraft-api-0.0.1.tgz",
      "integrity": "sha512-sIZ531MK7wWuu/23ZL1mEy1DaGZd6n+GYtuAMfE49Uyiz49z0neQuYX6Hn7BrdHEa45emY0a+oWMDYGfaOxugg==",
      "dependencies": {
        "node-fetch": "^2.6.1"
      }
    },
    "node_modules/@mattplays/overwatch-api": {
      "version": "0.0.1",
      "resolved": "https://registry.npmjs.org/@mattplays/overwatch-api/-/overwatch-api-0.0.1.tgz",
      "integrity": "sha512-JrbuY2C6fv+YxRxrBSr1c4df2prQniINkXKZ1M1EqCY6IRAySEu/YSpUxPWyR6B4cImKPcZhb6AMWqcEVc7d3g==",
      "dependencies": {
        "node-fetch": "^2.6.1"
      }
    },
    "node_modules/node-fetch": {
      "version": "2.6.1",
      "resolved": "https://registry.npmjs.org/node-fetch/-/node-fetch-2.6.1.tgz",
      "integrity": "sha512-V4aYg89jEoVRxRb2fJdAg8FHvI7cEyYdVAh94HH0UIK8oJxUfkjlDQN9RbMx+bEjP7+ggMiFRprSti032Oipxw==",
      "engines": {
        "node": "4.x || >=6.0.0"
      }
    }
  },
  "dependencies": {
    "@mattplays/apexlegends-api": {
      "version": "0.0.1",
      "resolved": "https://registry.npmjs.org/@mattplays/apexlegends-api/-/apexlegends-api-0.0.1.tgz",
      "integrity": "sha512-yEng1sGmGjK6cOuPNK/DnfZqIgzq5y9aGvXz3wcugSr8YaYgGgjpW8cXTHmOmCx2yvJbTx9mNrdbfTYMvK63LA==",
      "requires": {
        "node-fetch": "^2.6.1"
      }
    },
    "@mattplays/bloonstd6-api": {
      "version": "0.0.2",
      "resolved": "https://registry.npmjs.org/@mattplays/bloonstd6-api/-/bloonstd6-api-0.0.2.tgz",
      "integrity": "sha512-J18xix3I4iJgwInmCnZcB07ud4V0biqstelsbPPPUTec5TLb8EmyT3GgcRE3aQaeY34D6Fkatsvu4od2UBE+aA==",
      "requires": {
        "node-fetch": "^2.6.1"
      }
    },
    "@mattplays/csgo-api": {
      "version": "0.0.2",
      "resolved": "https://registry.npmjs.org/@mattplays/csgo-api/-/csgo-api-0.0.2.tgz",
      "integrity": "sha512-634YUFgHeB4JAiAfy5IGEYHaFULWN6+8NDjDZdZKbWbeDHkbo066ZHkD4otQ7XfWlIQM0ffQBbuL6iW0hrplxA==",
      "requires": {
        "node-fetch": "^2.6.1"
      }
    },
    "@mattplays/hyperscape-api": {
      "version": "0.0.1",
      "resolved": "https://registry.npmjs.org/@mattplays/hyperscape-api/-/hyperscape-api-0.0.1.tgz",
      "integrity": "sha512-+CJkWwEEjVSXLr+6TqfUdKCTLypu0jJq9fSZNZBJFxNIm51pvq+MdUXiHkEQIoEAgfOlVWw5SAwbT5q+ryJIpw==",
      "requires": {
        "node-fetch": "^2.6.1"
      }
    },
    "@mattplays/minecraft-api": {
      "version": "0.0.1",
      "resolved": "https://registry.npmjs.org/@mattplays/minecraft-api/-/minecraft-api-0.0.1.tgz",
      "integrity": "sha512-sIZ531MK7wWuu/23ZL1mEy1DaGZd6n+GYtuAMfE49Uyiz49z0neQuYX6Hn7BrdHEa45emY0a+oWMDYGfaOxugg==",
      "requires": {
        "node-fetch": "^2.6.1"
      }
    },
    "@mattplays/overwatch-api": {
      "version": "0.0.1",
      "resolved": "https://registry.npmjs.org/@mattplays/overwatch-api/-/overwatch-api-0.0.1.tgz",
      "integrity": "sha512-JrbuY2C6fv+YxRxrBSr1c4df2prQniINkXKZ1M1EqCY6IRAySEu/YSpUxPWyR6B4cImKPcZhb6AMWqcEVc7d3g==",
      "requires": {
        "node-fetch": "^2.6.1"
      }
    },
    "node-fetch": {
      "version": "2.6.1",
      "resolved": "https://registry.npmjs.org/node-fetch/-/node-fetch-2.6.1.tgz",
      "integrity": "sha512-V4aYg89jEoVRxRb2fJdAg8FHvI7cEyYdVAh94HH0UIK8oJxUfkjlDQN9RbMx+bEjP7+ggMiFRprSti032Oipxw=="
    }
  }
}
