{
  "name": "gameapicenter",
  "version": "0.1.0",
  "lockfileVersion": 2,
  "requires": true,
  "packages": {
    "": {
      "name": "gameapicenter",
      "version": "0.1.0",
      "license": "MIT",
      "dependencies": {
        "@mattplays/apexlegends-api": "^0.0.2",
        "@mattplays/bloonstd6-api": "^0.0.3",
        "@mattplays/csgo-api": "^0.0.3",
        "@mattplays/hyperscape-api": "^0.0.2",
        "@mattplays/minecraft-api": "^0.0.2",
        "@mattplays/overwatch-api": "^0.0.2",
        "node-fetch": "^2.6.1"
      }
    },
    "node_modules/@mattplays/apexlegends-api": {
      "version": "0.0.2",
      "resolved": "https://registry.npmjs.org/@mattplays/apexlegends-api/-/apexlegends-api-0.0.2.tgz",
      "integrity": "sha512-dIZNzkPCRfBLoy+hZobnuCq7SxU5EuQB2YoXUOcY+qtAporLzrZFojLyOkJSsfaS8LFa8G0qDYd4MSSHkFa1Cg==",
      "dependencies": {
        "node-fetch": "^2.6.1"
      }
    },
    "node_modules/@mattplays/bloonstd6-api": {
      "version": "0.0.3",
      "resolved": "https://registry.npmjs.org/@mattplays/bloonstd6-api/-/bloonstd6-api-0.0.3.tgz",
      "integrity": "sha512-aJkW+EJ97pwIITmurN5pHvoflRwTy9jk3jtl+3LICFlaGAhO6TIxg6Db26iYEllrcjaM3zsO7703rgDUQBfTSQ==",
      "dependencies": {
        "node-fetch": "^2.6.1"
      }
    },
    "node_modules/@mattplays/csgo-api": {
      "version": "0.0.3",
      "resolved": "https://registry.npmjs.org/@mattplays/csgo-api/-/csgo-api-0.0.3.tgz",
      "integrity": "sha512-2A6OoZdLVzB+4A0/oEVu4YLpKsbQPiLxmC8aMSevWsoGxAC7gNLq87125Wtn8UTSMn6AI3IPeWJHBlxBhh3iKA==",
      "dependencies": {
        "node-fetch": "^2.6.1"
      }
    },
    "node_modules/@mattplays/hyperscape-api": {
      "version": "0.0.2",
      "resolved": "https://registry.npmjs.org/@mattplays/hyperscape-api/-/hyperscape-api-0.0.2.tgz",
      "integrity": "sha512-0zY3czbnHUJnV312x+Z0rIKGrkyaUIsxXg2tJfl6OUk8hJHQ6hRWrZBlB4+WzdWubDt7zuCVE9FnI1kqcaYsKA==",
      "dependencies": {
        "node-fetch": "^2.6.1"
      }
    },
    "node_modules/@mattplays/minecraft-api": {
      "version": "0.0.2",
      "resolved": "https://registry.npmjs.org/@mattplays/minecraft-api/-/minecraft-api-0.0.2.tgz",
      "integrity": "sha512-iLS3f/OH5d1tHAFamoaUDvPhZuW8X5ut01KgXhrWaYKGT6e6KXfczUM1gKVm1aF8it8c5YTZGhgBigCFHWzc4g==",
      "dependencies": {
        "node-fetch": "^2.6.1"
      }
    },
    "node_modules/@mattplays/overwatch-api": {
      "version": "0.0.2",
      "resolved": "https://registry.npmjs.org/@mattplays/overwatch-api/-/overwatch-api-0.0.2.tgz",
      "integrity": "sha512-T+KNplRc0jEdKwVaxHheqQ/l7bc8NDzUWA66KvcHGEiIM//Aw7+BTUjK/W6xcbCEv/J5tNwVYXq4SRwQ1XDLOA==",
      "dependencies": {
        "node-fetch": "^2.6.1"
      }
    },
    "node_modules/node-fetch": {
      "version": "2.6.1",
      "resolved": "https://registry.npmjs.org/node-fetch/-/node-fetch-2.6.1.tgz",
      "integrity": "sha512-V4aYg89jEoVRxRb2fJdAg8FHvI7cEyYdVAh94HH0UIK8oJxUfkjlDQN9RbMx+bEjP7+ggMiFRprSti032Oipxw==",
      "engines": {
        "node": "4.x || >=6.0.0"
      }
    }
  },
  "dependencies": {
    "@mattplays/apexlegends-api": {
      "version": "0.0.2",
      "resolved": "https://registry.npmjs.org/@mattplays/apexlegends-api/-/apexlegends-api-0.0.2.tgz",
      "integrity": "sha512-dIZNzkPCRfBLoy+hZobnuCq7SxU5EuQB2YoXUOcY+qtAporLzrZFojLyOkJSsfaS8LFa8G0qDYd4MSSHkFa1Cg==",
      "requires": {
        "node-fetch": "^2.6.1"
      }
    },
    "@mattplays/bloonstd6-api": {
      "version": "0.0.3",
      "resolved": "https://registry.npmjs.org/@mattplays/bloonstd6-api/-/bloonstd6-api-0.0.3.tgz",
      "integrity": "sha512-aJkW+EJ97pwIITmurN5pHvoflRwTy9jk3jtl+3LICFlaGAhO6TIxg6Db26iYEllrcjaM3zsO7703rgDUQBfTSQ==",
      "requires": {
        "node-fetch": "^2.6.1"
      }
    },
    "@mattplays/csgo-api": {
      "version": "0.0.3",
      "resolved": "https://registry.npmjs.org/@mattplays/csgo-api/-/csgo-api-0.0.3.tgz",
      "integrity": "sha512-2A6OoZdLVzB+4A0/oEVu4YLpKsbQPiLxmC8aMSevWsoGxAC7gNLq87125Wtn8UTSMn6AI3IPeWJHBlxBhh3iKA==",
      "requires": {
        "node-fetch": "^2.6.1"
      }
    },
    "@mattplays/hyperscape-api": {
      "version": "0.0.2",
      "resolved": "https://registry.npmjs.org/@mattplays/hyperscape-api/-/hyperscape-api-0.0.2.tgz",
      "integrity": "sha512-0zY3czbnHUJnV312x+Z0rIKGrkyaUIsxXg2tJfl6OUk8hJHQ6hRWrZBlB4+WzdWubDt7zuCVE9FnI1kqcaYsKA==",
      "requires": {
        "node-fetch": "^2.6.1"
      }
    },
    "@mattplays/minecraft-api": {
      "version": "0.0.2",
      "resolved": "https://registry.npmjs.org/@mattplays/minecraft-api/-/minecraft-api-0.0.2.tgz",
      "integrity": "sha512-iLS3f/OH5d1tHAFamoaUDvPhZuW8X5ut01KgXhrWaYKGT6e6KXfczUM1gKVm1aF8it8c5YTZGhgBigCFHWzc4g==",
      "requires": {
        "node-fetch": "^2.6.1"
      }
    },
    "@mattplays/overwatch-api": {
      "version": "0.0.2",
      "resolved": "https://registry.npmjs.org/@mattplays/overwatch-api/-/overwatch-api-0.0.2.tgz",
      "integrity": "sha512-T+KNplRc0jEdKwVaxHheqQ/l7bc8NDzUWA66KvcHGEiIM//Aw7+BTUjK/W6xcbCEv/J5tNwVYXq4SRwQ1XDLOA==",
      "requires": {
        "node-fetch": "^2.6.1"
      }
    },
    "node-fetch": {
      "version": "2.6.1",
      "resolved": "https://registry.npmjs.org/node-fetch/-/node-fetch-2.6.1.tgz",
      "integrity": "sha512-V4aYg89jEoVRxRb2fJdAg8FHvI7cEyYdVAh94HH0UIK8oJxUfkjlDQN9RbMx+bEjP7+ggMiFRprSti032Oipxw=="
    }
  }
}
